// !$*UTF8*$!
{
	archiveVersion = 1;
	classes = {
	};
	objectVersion = 51;
	objects = {

/* Begin PBXBuildFile section */
		BB907C5F23C72058000E5B0F /* AppDelegate.swift in Sources */ = {isa = PBXBuildFile; fileRef = BB907C5E23C72058000E5B0F /* AppDelegate.swift */; };
		BB907C6123C72058000E5B0F /* SceneDelegate.swift in Sources */ = {isa = PBXBuildFile; fileRef = BB907C6023C72058000E5B0F /* SceneDelegate.swift */; };
		BB907C6323C72058000E5B0F /* MainViewController.swift in Sources */ = {isa = PBXBuildFile; fileRef = BB907C6223C72058000E5B0F /* MainViewController.swift */; };
		BB907C6623C72058000E5B0F /* MainViewController.storyboard in Resources */ = {isa = PBXBuildFile; fileRef = BB907C6423C72058000E5B0F /* MainViewController.storyboard */; };
		BB907C6823C72058000E5B0F /* Assets.xcassets in Resources */ = {isa = PBXBuildFile; fileRef = BB907C6723C72058000E5B0F /* Assets.xcassets */; };
		BB907C6B23C72058000E5B0F /* LaunchScreen.storyboard in Resources */ = {isa = PBXBuildFile; fileRef = BB907C6923C72058000E5B0F /* LaunchScreen.storyboard */; };
		BB907C7623C72058000E5B0F /* ImagearTests.swift in Sources */ = {isa = PBXBuildFile; fileRef = BB907C7523C72058000E5B0F /* ImagearTests.swift */; };
		BB907C8123C72059000E5B0F /* ImagearUITests.swift in Sources */ = {isa = PBXBuildFile; fileRef = BB907C8023C72059000E5B0F /* ImagearUITests.swift */; };
		BBC3295E23C82EDE004922B8 /* GoogleService-Info.plist in Resources */ = {isa = PBXBuildFile; fileRef = BBC3295D23C82EDE004922B8 /* GoogleService-Info.plist */; };
		BBC3296123C833DA004922B8 /* R.generated.swift in Sources */ = {isa = PBXBuildFile; fileRef = BBC3296023C833DA004922B8 /* R.generated.swift */; };
		BBCB259C23C733BA0047635B /* MAECVWrapper.mm in Sources */ = {isa = PBXBuildFile; fileRef = BBCB259B23C733BA0047635B /* MAECVWrapper.mm */; };
		BBCB259E23C734160047635B /* opencv2.framework in Frameworks */ = {isa = PBXBuildFile; fileRef = BBCB259D23C734160047635B /* opencv2.framework */; };
		C0748088275049A8E38E5CD0 /* Pods_Imagear.framework in Frameworks */ = {isa = PBXBuildFile; fileRef = 861415B88FDEB546460ABDEE /* Pods_Imagear.framework */; };
		F1719F4E5351E925B80947E1 /* Pods_ImagearTests.framework in Frameworks */ = {isa = PBXBuildFile; fileRef = 42AE4F75F02ACC09AA95E60A /* Pods_ImagearTests.framework */; };
/* End PBXBuildFile section */

/* Begin PBXContainerItemProxy section */
		BB907C7223C72058000E5B0F /* PBXContainerItemProxy */ = {
			isa = PBXContainerItemProxy;
			containerPortal = BB907C5323C72058000E5B0F /* Project object */;
			proxyType = 1;
			remoteGlobalIDString = BB907C5A23C72058000E5B0F;
			remoteInfo = imagear;
		};
		BB907C7D23C72059000E5B0F /* PBXContainerItemProxy */ = {
			isa = PBXContainerItemProxy;
			containerPortal = BB907C5323C72058000E5B0F /* Project object */;
			proxyType = 1;
			remoteGlobalIDString = BB907C5A23C72058000E5B0F;
			remoteInfo = imagear;
		};
/* End PBXContainerItemProxy section */

/* Begin PBXFileReference section */
		2755AC4281A405E605C57512 /* Pods-ImagearTests.release.xcconfig */ = {isa = PBXFileReference; includeInIndex = 1; lastKnownFileType = text.xcconfig; name = "Pods-ImagearTests.release.xcconfig"; path = "Target Support Files/Pods-ImagearTests/Pods-ImagearTests.release.xcconfig"; sourceTree = "<group>"; };
		42AE4F75F02ACC09AA95E60A /* Pods_ImagearTests.framework */ = {isa = PBXFileReference; explicitFileType = wrapper.framework; includeInIndex = 0; path = Pods_ImagearTests.framework; sourceTree = BUILT_PRODUCTS_DIR; };
		7A303FD47A72AFBC90CC086D /* Pods-Imagear.release.xcconfig */ = {isa = PBXFileReference; includeInIndex = 1; lastKnownFileType = text.xcconfig; name = "Pods-Imagear.release.xcconfig"; path = "Target Support Files/Pods-Imagear/Pods-Imagear.release.xcconfig"; sourceTree = "<group>"; };
		861415B88FDEB546460ABDEE /* Pods_Imagear.framework */ = {isa = PBXFileReference; explicitFileType = wrapper.framework; includeInIndex = 0; path = Pods_Imagear.framework; sourceTree = BUILT_PRODUCTS_DIR; };
		BB907C5B23C72058000E5B0F /* Imagear.app */ = {isa = PBXFileReference; explicitFileType = wrapper.application; includeInIndex = 0; path = Imagear.app; sourceTree = BUILT_PRODUCTS_DIR; };
		BB907C5E23C72058000E5B0F /* AppDelegate.swift */ = {isa = PBXFileReference; lastKnownFileType = sourcecode.swift; path = AppDelegate.swift; sourceTree = "<group>"; };
		BB907C6023C72058000E5B0F /* SceneDelegate.swift */ = {isa = PBXFileReference; lastKnownFileType = sourcecode.swift; path = SceneDelegate.swift; sourceTree = "<group>"; };
		BB907C6223C72058000E5B0F /* MainViewController.swift */ = {isa = PBXFileReference; lastKnownFileType = sourcecode.swift; path = MainViewController.swift; sourceTree = "<group>"; };
		BB907C6523C72058000E5B0F /* Base */ = {isa = PBXFileReference; lastKnownFileType = file.storyboard; name = Base; path = Base.lproj/MainViewController.storyboard; sourceTree = "<group>"; };
		BB907C6723C72058000E5B0F /* Assets.xcassets */ = {isa = PBXFileReference; lastKnownFileType = folder.assetcatalog; path = Assets.xcassets; sourceTree = "<group>"; };
		BB907C6A23C72058000E5B0F /* Base */ = {isa = PBXFileReference; lastKnownFileType = file.storyboard; name = Base; path = Base.lproj/LaunchScreen.storyboard; sourceTree = "<group>"; };
		BB907C6C23C72058000E5B0F /* Info.plist */ = {isa = PBXFileReference; lastKnownFileType = text.plist.xml; path = Info.plist; sourceTree = "<group>"; };
		BB907C7123C72058000E5B0F /* ImagearTests.xctest */ = {isa = PBXFileReference; explicitFileType = wrapper.cfbundle; includeInIndex = 0; path = ImagearTests.xctest; sourceTree = BUILT_PRODUCTS_DIR; };
		BB907C7523C72058000E5B0F /* ImagearTests.swift */ = {isa = PBXFileReference; lastKnownFileType = sourcecode.swift; path = ImagearTests.swift; sourceTree = "<group>"; };
		BB907C7723C72058000E5B0F /* Info.plist */ = {isa = PBXFileReference; lastKnownFileType = text.plist.xml; path = Info.plist; sourceTree = "<group>"; };
		BB907C7C23C72059000E5B0F /* ImagearUITests.xctest */ = {isa = PBXFileReference; explicitFileType = wrapper.cfbundle; includeInIndex = 0; path = ImagearUITests.xctest; sourceTree = BUILT_PRODUCTS_DIR; };
		BB907C8023C72059000E5B0F /* ImagearUITests.swift */ = {isa = PBXFileReference; lastKnownFileType = sourcecode.swift; path = ImagearUITests.swift; sourceTree = "<group>"; };
		BB907C8223C72059000E5B0F /* Info.plist */ = {isa = PBXFileReference; lastKnownFileType = text.plist.xml; path = Info.plist; sourceTree = "<group>"; };
		BBC3295D23C82EDE004922B8 /* GoogleService-Info.plist */ = {isa = PBXFileReference; fileEncoding = 4; lastKnownFileType = text.plist.xml; path = "GoogleService-Info.plist"; sourceTree = "<group>"; };
		BBC3296023C833DA004922B8 /* R.generated.swift */ = {isa = PBXFileReference; fileEncoding = 4; lastKnownFileType = sourcecode.swift; path = R.generated.swift; sourceTree = SOURCE_ROOT; };
		BBCB259923C733BA0047635B /* imagear-Bridging-Header.h */ = {isa = PBXFileReference; lastKnownFileType = sourcecode.c.h; path = "imagear-Bridging-Header.h"; sourceTree = "<group>"; };
		BBCB259A23C733BA0047635B /* MAECVWrapper.h */ = {isa = PBXFileReference; lastKnownFileType = sourcecode.c.h; path = MAECVWrapper.h; sourceTree = "<group>"; };
		BBCB259B23C733BA0047635B /* MAECVWrapper.mm */ = {isa = PBXFileReference; lastKnownFileType = sourcecode.cpp.objcpp; path = MAECVWrapper.mm; sourceTree = "<group>"; };
		BBCB259D23C734160047635B /* opencv2.framework */ = {isa = PBXFileReference; lastKnownFileType = wrapper.framework; path = opencv2.framework; sourceTree = "<group>"; };
		BBCB259F23C734570047635B /* PrefixHeader.pch */ = {isa = PBXFileReference; lastKnownFileType = sourcecode.c.h; path = PrefixHeader.pch; sourceTree = "<group>"; };
		DC19405CA0FE6C0EC6A4780C /* Pods-ImagearTests.debug.xcconfig */ = {isa = PBXFileReference; includeInIndex = 1; lastKnownFileType = text.xcconfig; name = "Pods-ImagearTests.debug.xcconfig"; path = "Target Support Files/Pods-ImagearTests/Pods-ImagearTests.debug.xcconfig"; sourceTree = "<group>"; };
		F7B7B61B3969AD3F35F127AA /* Pods-Imagear.debug.xcconfig */ = {isa = PBXFileReference; includeInIndex = 1; lastKnownFileType = text.xcconfig; name = "Pods-Imagear.debug.xcconfig"; path = "Target Support Files/Pods-Imagear/Pods-Imagear.debug.xcconfig"; sourceTree = "<group>"; };
/* End PBXFileReference section */

/* Begin PBXFrameworksBuildPhase section */
		BB907C5823C72058000E5B0F /* Frameworks */ = {
			isa = PBXFrameworksBuildPhase;
			buildActionMask = 2147483647;
			files = (
				BBCB259E23C734160047635B /* opencv2.framework in Frameworks */,
				C0748088275049A8E38E5CD0 /* Pods_Imagear.framework in Frameworks */,
			);
			runOnlyForDeploymentPostprocessing = 0;
		};
		BB907C6E23C72058000E5B0F /* Frameworks */ = {
			isa = PBXFrameworksBuildPhase;
			buildActionMask = 2147483647;
			files = (
				F1719F4E5351E925B80947E1 /* Pods_ImagearTests.framework in Frameworks */,
			);
			runOnlyForDeploymentPostprocessing = 0;
		};
		BB907C7923C72059000E5B0F /* Frameworks */ = {
			isa = PBXFrameworksBuildPhase;
			buildActionMask = 2147483647;
			files = (
			);
			runOnlyForDeploymentPostprocessing = 0;
		};
/* End PBXFrameworksBuildPhase section */

/* Begin PBXGroup section */
		4EB56C0C381C80A531F92409 /* Pods */ = {
			isa = PBXGroup;
			children = (
				F7B7B61B3969AD3F35F127AA /* Pods-Imagear.debug.xcconfig */,
				7A303FD47A72AFBC90CC086D /* Pods-Imagear.release.xcconfig */,
				DC19405CA0FE6C0EC6A4780C /* Pods-ImagearTests.debug.xcconfig */,
				2755AC4281A405E605C57512 /* Pods-ImagearTests.release.xcconfig */,
			);
			path = Pods;
			sourceTree = "<group>";
		};
		BB907C5223C72058000E5B0F = {
			isa = PBXGroup;
			children = (
				BBCB259D23C734160047635B /* opencv2.framework */,
				BB907C5D23C72058000E5B0F /* Imagear */,
				BB907C7423C72058000E5B0F /* ImagearTests */,
				BB907C7F23C72059000E5B0F /* ImagearUITests */,
				BB907C5C23C72058000E5B0F /* Products */,
				4EB56C0C381C80A531F92409 /* Pods */,
				FEB5FFF51DD89370BE64FD0A /* Frameworks */,
			);
			sourceTree = "<group>";
		};
		BB907C5C23C72058000E5B0F /* Products */ = {
			isa = PBXGroup;
			children = (
				BB907C5B23C72058000E5B0F /* Imagear.app */,
				BB907C7123C72058000E5B0F /* ImagearTests.xctest */,
				BB907C7C23C72059000E5B0F /* ImagearUITests.xctest */,
			);
			name = Products;
			sourceTree = "<group>";
		};
		BB907C5D23C72058000E5B0F /* Imagear */ = {
			isa = PBXGroup;
			children = (
				BBCB259823C7339C0047635B /* Config */,
				BBCB259623C733790047635B /* Bridging */,
				BBCB259723C7338E0047635B /* View Controllers */,
				BBC3295D23C82EDE004922B8 /* GoogleService-Info.plist */,
			);
			path = Imagear;
			sourceTree = "<group>";
		};
		BB907C7423C72058000E5B0F /* ImagearTests */ = {
			isa = PBXGroup;
			children = (
				BB907C7523C72058000E5B0F /* ImagearTests.swift */,
				BB907C7723C72058000E5B0F /* Info.plist */,
			);
			path = ImagearTests;
			sourceTree = "<group>";
		};
		BB907C7F23C72059000E5B0F /* ImagearUITests */ = {
			isa = PBXGroup;
			children = (
				BB907C8023C72059000E5B0F /* ImagearUITests.swift */,
				BB907C8223C72059000E5B0F /* Info.plist */,
			);
			path = ImagearUITests;
			sourceTree = "<group>";
		};
		BBCB259623C733790047635B /* Bridging */ = {
			isa = PBXGroup;
			children = (
				BBCB259A23C733BA0047635B /* MAECVWrapper.h */,
				BBCB259B23C733BA0047635B /* MAECVWrapper.mm */,
				BBCB259923C733BA0047635B /* imagear-Bridging-Header.h */,
				BBCB259F23C734570047635B /* PrefixHeader.pch */,
			);
			path = Bridging;
			sourceTree = "<group>";
		};
		BBCB259723C7338E0047635B /* View Controllers */ = {
			isa = PBXGroup;
			children = (
				BB907C6223C72058000E5B0F /* MainViewController.swift */,
				BB907C6423C72058000E5B0F /* MainViewController.storyboard */,
			);
			path = "View Controllers";
			sourceTree = "<group>";
		};
		BBCB259823C7339C0047635B /* Config */ = {
			isa = PBXGroup;
			children = (
				BBC3296023C833DA004922B8 /* R.generated.swift */,
				BB907C6C23C72058000E5B0F /* Info.plist */,
				BB907C5E23C72058000E5B0F /* AppDelegate.swift */,
				BB907C6023C72058000E5B0F /* SceneDelegate.swift */,
				BB907C6723C72058000E5B0F /* Assets.xcassets */,
				BB907C6923C72058000E5B0F /* LaunchScreen.storyboard */,
			);
			path = Config;
			sourceTree = "<group>";
		};
		FEB5FFF51DD89370BE64FD0A /* Frameworks */ = {
			isa = PBXGroup;
			children = (
				861415B88FDEB546460ABDEE /* Pods_Imagear.framework */,
				42AE4F75F02ACC09AA95E60A /* Pods_ImagearTests.framework */,
			);
			name = Frameworks;
			sourceTree = "<group>";
		};
/* End PBXGroup section */

/* Begin PBXNativeTarget section */
		BB907C5A23C72058000E5B0F /* Imagear */ = {
			isa = PBXNativeTarget;
			buildConfigurationList = BB907C8523C72059000E5B0F /* Build configuration list for PBXNativeTarget "Imagear" */;
			buildPhases = (
				BA1B2443321BD80B99958BD5 /* [CP] Check Pods Manifest.lock */,
				BBC3295F23C83366004922B8 /* ShellScript */,
				BB907C5723C72058000E5B0F /* Sources */,
				BB907C5823C72058000E5B0F /* Frameworks */,
				BB907C5923C72058000E5B0F /* Resources */,
				BBC3296223C83432004922B8 /* ShellScript */,
				2281D0D6D1F13A3D70531D22 /* [CP] Embed Pods Frameworks */,
			);
			buildRules = (
			);
			dependencies = (
			);
			name = Imagear;
			productName = imagear;
			productReference = BB907C5B23C72058000E5B0F /* Imagear.app */;
			productType = "com.apple.product-type.application";
		};
		BB907C7023C72058000E5B0F /* ImagearTests */ = {
			isa = PBXNativeTarget;
			buildConfigurationList = BB907C8823C72059000E5B0F /* Build configuration list for PBXNativeTarget "ImagearTests" */;
			buildPhases = (
				940EDF91CC72D2660916F639 /* [CP] Check Pods Manifest.lock */,
				BB907C6D23C72058000E5B0F /* Sources */,
				BB907C6E23C72058000E5B0F /* Frameworks */,
				BB907C6F23C72058000E5B0F /* Resources */,
			);
			buildRules = (
			);
			dependencies = (
				BB907C7323C72058000E5B0F /* PBXTargetDependency */,
			);
			name = ImagearTests;
			productName = imagearTests;
			productReference = BB907C7123C72058000E5B0F /* ImagearTests.xctest */;
			productType = "com.apple.product-type.bundle.unit-test";
		};
		BB907C7B23C72059000E5B0F /* ImagearUITests */ = {
			isa = PBXNativeTarget;
			buildConfigurationList = BB907C8B23C72059000E5B0F /* Build configuration list for PBXNativeTarget "ImagearUITests" */;
			buildPhases = (
				BB907C7823C72059000E5B0F /* Sources */,
				BB907C7923C72059000E5B0F /* Frameworks */,
				BB907C7A23C72059000E5B0F /* Resources */,
			);
			buildRules = (
			);
			dependencies = (
				BB907C7E23C72059000E5B0F /* PBXTargetDependency */,
			);
			name = ImagearUITests;
			productName = imagearUITests;
			productReference = BB907C7C23C72059000E5B0F /* ImagearUITests.xctest */;
			productType = "com.apple.product-type.bundle.ui-testing";
		};
/* End PBXNativeTarget section */

/* Begin PBXProject section */
		BB907C5323C72058000E5B0F /* Project object */ = {
			isa = PBXProject;
			attributes = {
				LastSwiftUpdateCheck = 1130;
				LastUpgradeCheck = 1130;
				ORGANIZATIONNAME = "MAE Labs";
				TargetAttributes = {
					BB907C5A23C72058000E5B0F = {
						CreatedOnToolsVersion = 11.3;
						LastSwiftMigration = 1130;
					};
					BB907C7023C72058000E5B0F = {
						CreatedOnToolsVersion = 11.3;
						TestTargetID = BB907C5A23C72058000E5B0F;
					};
					BB907C7B23C72059000E5B0F = {
						CreatedOnToolsVersion = 11.3;
						TestTargetID = BB907C5A23C72058000E5B0F;
					};
				};
			};
			buildConfigurationList = BB907C5623C72058000E5B0F /* Build configuration list for PBXProject "Imagear" */;
			compatibilityVersion = "Xcode 9.3";
			developmentRegion = en;
			hasScannedForEncodings = 0;
			knownRegions = (
				en,
				Base,
			);
			mainGroup = BB907C5223C72058000E5B0F;
			productRefGroup = BB907C5C23C72058000E5B0F /* Products */;
			projectDirPath = "";
			projectRoot = "";
			targets = (
				BB907C5A23C72058000E5B0F /* Imagear */,
				BB907C7023C72058000E5B0F /* ImagearTests */,
				BB907C7B23C72059000E5B0F /* ImagearUITests */,
			);
		};
/* End PBXProject section */

/* Begin PBXResourcesBuildPhase section */
		BB907C5923C72058000E5B0F /* Resources */ = {
			isa = PBXResourcesBuildPhase;
			buildActionMask = 2147483647;
			files = (
				BB907C6B23C72058000E5B0F /* LaunchScreen.storyboard in Resources */,
				BBC3295E23C82EDE004922B8 /* GoogleService-Info.plist in Resources */,
				BB907C6823C72058000E5B0F /* Assets.xcassets in Resources */,
				BB907C6623C72058000E5B0F /* MainViewController.storyboard in Resources */,
			);
			runOnlyForDeploymentPostprocessing = 0;
		};
		BB907C6F23C72058000E5B0F /* Resources */ = {
			isa = PBXResourcesBuildPhase;
			buildActionMask = 2147483647;
			files = (
			);
			runOnlyForDeploymentPostprocessing = 0;
		};
		BB907C7A23C72059000E5B0F /* Resources */ = {
			isa = PBXResourcesBuildPhase;
			buildActionMask = 2147483647;
			files = (
			);
			runOnlyForDeploymentPostprocessing = 0;
		};
/* End PBXResourcesBuildPhase section */

/* Begin PBXShellScriptBuildPhase section */
		2281D0D6D1F13A3D70531D22 /* [CP] Embed Pods Frameworks */ = {
			isa = PBXShellScriptBuildPhase;
			buildActionMask = 2147483647;
			files = (
			);
			inputFileListPaths = (
				"${PODS_ROOT}/Target Support Files/Pods-Imagear/Pods-Imagear-frameworks-${CONFIGURATION}-input-files.xcfilelist",
			);
			name = "[CP] Embed Pods Frameworks";
			outputFileListPaths = (
				"${PODS_ROOT}/Target Support Files/Pods-Imagear/Pods-Imagear-frameworks-${CONFIGURATION}-output-files.xcfilelist",
			);
			runOnlyForDeploymentPostprocessing = 0;
			shellPath = /bin/sh;
			shellScript = "\"${PODS_ROOT}/Target Support Files/Pods-Imagear/Pods-Imagear-frameworks.sh\"\n";
			showEnvVarsInLog = 0;
		};
		940EDF91CC72D2660916F639 /* [CP] Check Pods Manifest.lock */ = {
			isa = PBXShellScriptBuildPhase;
			buildActionMask = 2147483647;
			files = (
			);
			inputFileListPaths = (
			);
			inputPaths = (
				"${PODS_PODFILE_DIR_PATH}/Podfile.lock",
				"${PODS_ROOT}/Manifest.lock",
			);
			name = "[CP] Check Pods Manifest.lock";
			outputFileListPaths = (
			);
			outputPaths = (
				"$(DERIVED_FILE_DIR)/Pods-ImagearTests-checkManifestLockResult.txt",
			);
			runOnlyForDeploymentPostprocessing = 0;
			shellPath = /bin/sh;
			shellScript = "diff \"${PODS_PODFILE_DIR_PATH}/Podfile.lock\" \"${PODS_ROOT}/Manifest.lock\" > /dev/null\nif [ $? != 0 ] ; then\n    # print error to STDERR\n    echo \"error: The sandbox is not in sync with the Podfile.lock. Run 'pod install' or update your CocoaPods installation.\" >&2\n    exit 1\nfi\n# This output is used by Xcode 'outputs' to avoid re-running this script phase.\necho \"SUCCESS\" > \"${SCRIPT_OUTPUT_FILE_0}\"\n";
			showEnvVarsInLog = 0;
		};
		BA1B2443321BD80B99958BD5 /* [CP] Check Pods Manifest.lock */ = {
			isa = PBXShellScriptBuildPhase;
			buildActionMask = 2147483647;
			files = (
			);
			inputFileListPaths = (
			);
			inputPaths = (
				"${PODS_PODFILE_DIR_PATH}/Podfile.lock",
				"${PODS_ROOT}/Manifest.lock",
			);
			name = "[CP] Check Pods Manifest.lock";
			outputFileListPaths = (
			);
			outputPaths = (
				"$(DERIVED_FILE_DIR)/Pods-Imagear-checkManifestLockResult.txt",
			);
			runOnlyForDeploymentPostprocessing = 0;
			shellPath = /bin/sh;
			shellScript = "diff \"${PODS_PODFILE_DIR_PATH}/Podfile.lock\" \"${PODS_ROOT}/Manifest.lock\" > /dev/null\nif [ $? != 0 ] ; then\n    # print error to STDERR\n    echo \"error: The sandbox is not in sync with the Podfile.lock. Run 'pod install' or update your CocoaPods installation.\" >&2\n    exit 1\nfi\n# This output is used by Xcode 'outputs' to avoid re-running this script phase.\necho \"SUCCESS\" > \"${SCRIPT_OUTPUT_FILE_0}\"\n";
			showEnvVarsInLog = 0;
		};
		BBC3295F23C83366004922B8 /* ShellScript */ = {
			isa = PBXShellScriptBuildPhase;
			buildActionMask = 2147483647;
			files = (
			);
			inputFileListPaths = (
			);
			inputPaths = (
				"$TEMP_DIR/rswift-lastrun",
			);
			outputFileListPaths = (
			);
			outputPaths = (
				$SRCROOT/R.generated.swift,
			);
			runOnlyForDeploymentPostprocessing = 0;
			shellPath = /bin/sh;
			shellScript = "# Type a script or drag a script file from your workspace to insert its path.\n\"$PODS_ROOT/R.swift/rswift\" generate \"$SRCROOT/R.generated.swift\"\n";
		};
		BBC3296223C83432004922B8 /* ShellScript */ = {
			isa = PBXShellScriptBuildPhase;
			buildActionMask = 2147483647;
			files = (
			);
			inputFileListPaths = (
			);
			inputPaths = (
			);
			outputFileListPaths = (
			);
			outputPaths = (
			);
			runOnlyForDeploymentPostprocessing = 0;
			shellPath = /bin/sh;
			shellScript = "if which swiftlint >/dev/null; then\nswiftlint autocorrect .\nswiftlint lint .\nelse\necho \"warning: SwiftLint not installed, download from https://github.com/realm/SwiftLint\"\nfi\n";
		};
/* End PBXShellScriptBuildPhase section */

/* Begin PBXSourcesBuildPhase section */
		BB907C5723C72058000E5B0F /* Sources */ = {
			isa = PBXSourcesBuildPhase;
			buildActionMask = 2147483647;
			files = (
				BB907C6323C72058000E5B0F /* MainViewController.swift in Sources */,
				BB907C5F23C72058000E5B0F /* AppDelegate.swift in Sources */,
				BBC3296123C833DA004922B8 /* R.generated.swift in Sources */,
				BBCB259C23C733BA0047635B /* MAECVWrapper.mm in Sources */,
				BB907C6123C72058000E5B0F /* SceneDelegate.swift in Sources */,
			);
			runOnlyForDeploymentPostprocessing = 0;
		};
		BB907C6D23C72058000E5B0F /* Sources */ = {
			isa = PBXSourcesBuildPhase;
			buildActionMask = 2147483647;
			files = (
				BB907C7623C72058000E5B0F /* ImagearTests.swift in Sources */,
			);
			runOnlyForDeploymentPostprocessing = 0;
		};
		BB907C7823C72059000E5B0F /* Sources */ = {
			isa = PBXSourcesBuildPhase;
			buildActionMask = 2147483647;
			files = (
				BB907C8123C72059000E5B0F /* ImagearUITests.swift in Sources */,
			);
			runOnlyForDeploymentPostprocessing = 0;
		};
/* End PBXSourcesBuildPhase section */

/* Begin PBXTargetDependency section */
		BB907C7323C72058000E5B0F /* PBXTargetDependency */ = {
			isa = PBXTargetDependency;
			target = BB907C5A23C72058000E5B0F /* Imagear */;
			targetProxy = BB907C7223C72058000E5B0F /* PBXContainerItemProxy */;
		};
		BB907C7E23C72059000E5B0F /* PBXTargetDependency */ = {
			isa = PBXTargetDependency;
			target = BB907C5A23C72058000E5B0F /* Imagear */;
			targetProxy = BB907C7D23C72059000E5B0F /* PBXContainerItemProxy */;
		};
/* End PBXTargetDependency section */

/* Begin PBXVariantGroup section */
		BB907C6423C72058000E5B0F /* MainViewController.storyboard */ = {
			isa = PBXVariantGroup;
			children = (
				BB907C6523C72058000E5B0F /* Base */,
			);
			name = MainViewController.storyboard;
			sourceTree = "<group>";
		};
		BB907C6923C72058000E5B0F /* LaunchScreen.storyboard */ = {
			isa = PBXVariantGroup;
			children = (
				BB907C6A23C72058000E5B0F /* Base */,
			);
			name = LaunchScreen.storyboard;
			sourceTree = "<group>";
		};
/* End PBXVariantGroup section */

/* Begin XCBuildConfiguration section */
		BB907C8323C72059000E5B0F /* Debug */ = {
			isa = XCBuildConfiguration;
			buildSettings = {
				ALWAYS_SEARCH_USER_PATHS = NO;
				CLANG_ANALYZER_NONNULL = YES;
				CLANG_ANALYZER_NUMBER_OBJECT_CONVERSION = YES_AGGRESSIVE;
				CLANG_CXX_LANGUAGE_STANDARD = "gnu++14";
				CLANG_CXX_LIBRARY = "libc++";
				CLANG_ENABLE_MODULES = YES;
				CLANG_ENABLE_OBJC_ARC = YES;
				CLANG_ENABLE_OBJC_WEAK = YES;
				CLANG_WARN_BLOCK_CAPTURE_AUTORELEASING = YES;
				CLANG_WARN_BOOL_CONVERSION = YES;
				CLANG_WARN_COMMA = YES;
				CLANG_WARN_CONSTANT_CONVERSION = YES;
				CLANG_WARN_DEPRECATED_OBJC_IMPLEMENTATIONS = YES;
				CLANG_WARN_DIRECT_OBJC_ISA_USAGE = YES_ERROR;
				CLANG_WARN_DOCUMENTATION_COMMENTS = YES;
				CLANG_WARN_EMPTY_BODY = YES;
				CLANG_WARN_ENUM_CONVERSION = YES;
				CLANG_WARN_INFINITE_RECURSION = YES;
				CLANG_WARN_INT_CONVERSION = YES;
				CLANG_WARN_NON_LITERAL_NULL_CONVERSION = YES;
				CLANG_WARN_OBJC_IMPLICIT_RETAIN_SELF = YES;
				CLANG_WARN_OBJC_LITERAL_CONVERSION = YES;
				CLANG_WARN_OBJC_ROOT_CLASS = YES_ERROR;
				CLANG_WARN_RANGE_LOOP_ANALYSIS = YES;
				CLANG_WARN_STRICT_PROTOTYPES = YES;
				CLANG_WARN_SUSPICIOUS_MOVE = YES;
				CLANG_WARN_UNGUARDED_AVAILABILITY = YES_AGGRESSIVE;
				CLANG_WARN_UNREACHABLE_CODE = YES;
				CLANG_WARN__DUPLICATE_METHOD_MATCH = YES;
				COPY_PHASE_STRIP = NO;
				DEBUG_INFORMATION_FORMAT = dwarf;
				ENABLE_STRICT_OBJC_MSGSEND = YES;
				ENABLE_TESTABILITY = YES;
				GCC_C_LANGUAGE_STANDARD = gnu11;
				GCC_DYNAMIC_NO_PIC = NO;
				GCC_NO_COMMON_BLOCKS = YES;
				GCC_OPTIMIZATION_LEVEL = 0;
				GCC_PREPROCESSOR_DEFINITIONS = (
					"DEBUG=1",
					"$(inherited)",
				);
				GCC_WARN_64_TO_32_BIT_CONVERSION = YES;
				GCC_WARN_ABOUT_RETURN_TYPE = YES_ERROR;
				GCC_WARN_UNDECLARED_SELECTOR = YES;
				GCC_WARN_UNINITIALIZED_AUTOS = YES_AGGRESSIVE;
				GCC_WARN_UNUSED_FUNCTION = YES;
				GCC_WARN_UNUSED_VARIABLE = YES;
				IPHONEOS_DEPLOYMENT_TARGET = 13.2;
				MTL_ENABLE_DEBUG_INFO = INCLUDE_SOURCE;
				MTL_FAST_MATH = YES;
				ONLY_ACTIVE_ARCH = YES;
				SDKROOT = iphoneos;
				SWIFT_ACTIVE_COMPILATION_CONDITIONS = DEBUG;
				SWIFT_OPTIMIZATION_LEVEL = "-Onone";
			};
			name = Debug;
		};
		BB907C8423C72059000E5B0F /* Release */ = {
			isa = XCBuildConfiguration;
			buildSettings = {
				ALWAYS_SEARCH_USER_PATHS = NO;
				CLANG_ANALYZER_NONNULL = YES;
				CLANG_ANALYZER_NUMBER_OBJECT_CONVERSION = YES_AGGRESSIVE;
				CLANG_CXX_LANGUAGE_STANDARD = "gnu++14";
				CLANG_CXX_LIBRARY = "libc++";
				CLANG_ENABLE_MODULES = YES;
				CLANG_ENABLE_OBJC_ARC = YES;
				CLANG_ENABLE_OBJC_WEAK = YES;
				CLANG_WARN_BLOCK_CAPTURE_AUTORELEASING = YES;
				CLANG_WARN_BOOL_CONVERSION = YES;
				CLANG_WARN_COMMA = YES;
				CLANG_WARN_CONSTANT_CONVERSION = YES;
				CLANG_WARN_DEPRECATED_OBJC_IMPLEMENTATIONS = YES;
				CLANG_WARN_DIRECT_OBJC_ISA_USAGE = YES_ERROR;
				CLANG_WARN_DOCUMENTATION_COMMENTS = YES;
				CLANG_WARN_EMPTY_BODY = YES;
				CLANG_WARN_ENUM_CONVERSION = YES;
				CLANG_WARN_INFINITE_RECURSION = YES;
				CLANG_WARN_INT_CONVERSION = YES;
				CLANG_WARN_NON_LITERAL_NULL_CONVERSION = YES;
				CLANG_WARN_OBJC_IMPLICIT_RETAIN_SELF = YES;
				CLANG_WARN_OBJC_LITERAL_CONVERSION = YES;
				CLANG_WARN_OBJC_ROOT_CLASS = YES_ERROR;
				CLANG_WARN_RANGE_LOOP_ANALYSIS = YES;
				CLANG_WARN_STRICT_PROTOTYPES = YES;
				CLANG_WARN_SUSPICIOUS_MOVE = YES;
				CLANG_WARN_UNGUARDED_AVAILABILITY = YES_AGGRESSIVE;
				CLANG_WARN_UNREACHABLE_CODE = YES;
				CLANG_WARN__DUPLICATE_METHOD_MATCH = YES;
				COPY_PHASE_STRIP = NO;
				DEBUG_INFORMATION_FORMAT = "dwarf-with-dsym";
				ENABLE_NS_ASSERTIONS = NO;
				ENABLE_STRICT_OBJC_MSGSEND = YES;
				GCC_C_LANGUAGE_STANDARD = gnu11;
				GCC_NO_COMMON_BLOCKS = YES;
				GCC_WARN_64_TO_32_BIT_CONVERSION = YES;
				GCC_WARN_ABOUT_RETURN_TYPE = YES_ERROR;
				GCC_WARN_UNDECLARED_SELECTOR = YES;
				GCC_WARN_UNINITIALIZED_AUTOS = YES_AGGRESSIVE;
				GCC_WARN_UNUSED_FUNCTION = YES;
				GCC_WARN_UNUSED_VARIABLE = YES;
				IPHONEOS_DEPLOYMENT_TARGET = 13.2;
				MTL_ENABLE_DEBUG_INFO = NO;
				MTL_FAST_MATH = YES;
				SDKROOT = iphoneos;
				SWIFT_COMPILATION_MODE = wholemodule;
				SWIFT_OPTIMIZATION_LEVEL = "-O";
				VALIDATE_PRODUCT = YES;
			};
			name = Release;
		};
		BB907C8623C72059000E5B0F /* Debug */ = {
			isa = XCBuildConfiguration;
			baseConfigurationReference = F7B7B61B3969AD3F35F127AA /* Pods-Imagear.debug.xcconfig */;
			buildSettings = {
				ASSETCATALOG_COMPILER_APPICON_NAME = AppIcon;
				CLANG_ENABLE_MODULES = YES;
				CODE_SIGN_STYLE = Automatic;
				CURRENT_PROJECT_VERSION = 2;
				DEVELOPMENT_TEAM = R4DQ2L3FBV;
				FRAMEWORK_SEARCH_PATHS = (
					"$(inherited)",
					"$(PROJECT_DIR)",
				);
				INFOPLIST_FILE = imagear/Config/Info.plist;
				IPHONEOS_DEPLOYMENT_TARGET = 13.0;
				LD_RUNPATH_SEARCH_PATHS = (
					"$(inherited)",
					"@executable_path/Frameworks",
				);
				MARKETING_VERSION = 1.0.0;
				PRODUCT_BUNDLE_IDENTIFIER = com.maelabs.imagear.imagear;
				PRODUCT_NAME = "$(TARGET_NAME)";
				SWIFT_OBJC_BRIDGING_HEADER = "imagear/Bridging/imagear-Bridging-Header.h";
				SWIFT_OPTIMIZATION_LEVEL = "-Onone";
				SWIFT_VERSION = 5.0;
				TARGETED_DEVICE_FAMILY = 1;
				VERSIONING_SYSTEM = "apple-generic";
			};
			name = Debug;
		};
		BB907C8723C72059000E5B0F /* Release */ = {
			isa = XCBuildConfiguration;
			baseConfigurationReference = 7A303FD47A72AFBC90CC086D /* Pods-Imagear.release.xcconfig */;
			buildSettings = {
				ASSETCATALOG_COMPILER_APPICON_NAME = AppIcon;
				CLANG_ENABLE_MODULES = YES;
				CODE_SIGN_STYLE = Automatic;
				CURRENT_PROJECT_VERSION = 2;
				DEVELOPMENT_TEAM = R4DQ2L3FBV;
				FRAMEWORK_SEARCH_PATHS = (
					"$(inherited)",
					"$(PROJECT_DIR)",
				);
				INFOPLIST_FILE = imagear/Config/Info.plist;
				IPHONEOS_DEPLOYMENT_TARGET = 13.0;
				LD_RUNPATH_SEARCH_PATHS = (
					"$(inherited)",
					"@executable_path/Frameworks",
				);
				MARKETING_VERSION = 1.0.0;
				PRODUCT_BUNDLE_IDENTIFIER = com.maelabs.imagear.imagear;
				PRODUCT_NAME = "$(TARGET_NAME)";
				SWIFT_OBJC_BRIDGING_HEADER = "imagear/Bridging/imagear-Bridging-Header.h";
				SWIFT_VERSION = 5.0;
				TARGETED_DEVICE_FAMILY = 1;
				VERSIONING_SYSTEM = "apple-generic";
			};
			name = Release;
		};
		BB907C8923C72059000E5B0F /* Debug */ = {
			isa = XCBuildConfiguration;
			baseConfigurationReference = DC19405CA0FE6C0EC6A4780C /* Pods-ImagearTests.debug.xcconfig */;
			buildSettings = {
				ALWAYS_EMBED_SWIFT_STANDARD_LIBRARIES = YES;
				BUNDLE_LOADER = "$(TEST_HOST)";
				CODE_SIGN_STYLE = Automatic;
				INFOPLIST_FILE = imagearTests/Info.plist;
				IPHONEOS_DEPLOYMENT_TARGET = 13.2;
				LD_RUNPATH_SEARCH_PATHS = (
					"$(inherited)",
					"@executable_path/Frameworks",
					"@loader_path/Frameworks",
				);
				PRODUCT_BUNDLE_IDENTIFIER = com.maelabs.imagear.imagearTests;
				PRODUCT_NAME = "$(TARGET_NAME)";
				SWIFT_VERSION = 5.0;
				TARGETED_DEVICE_FAMILY = "1,2";
				TEST_HOST = "$(BUILT_PRODUCTS_DIR)/Imagear.app/Imagear";
			};
			name = Debug;
		};
		BB907C8A23C72059000E5B0F /* Release */ = {
			isa = XCBuildConfiguration;
			baseConfigurationReference = 2755AC4281A405E605C57512 /* Pods-ImagearTests.release.xcconfig */;
			buildSettings = {
				ALWAYS_EMBED_SWIFT_STANDARD_LIBRARIES = YES;
				BUNDLE_LOADER = "$(TEST_HOST)";
				CODE_SIGN_STYLE = Automatic;
				INFOPLIST_FILE = imagearTests/Info.plist;
				IPHONEOS_DEPLOYMENT_TARGET = 13.2;
				LD_RUNPATH_SEARCH_PATHS = (
					"$(inherited)",
					"@executable_path/Frameworks",
					"@loader_path/Frameworks",
				);
				PRODUCT_BUNDLE_IDENTIFIER = com.maelabs.imagear.imagearTests;
				PRODUCT_NAME = "$(TARGET_NAME)";
				SWIFT_VERSION = 5.0;
				TARGETED_DEVICE_FAMILY = "1,2";
				TEST_HOST = "$(BUILT_PRODUCTS_DIR)/Imagear.app/Imagear";
			};
			name = Release;
		};
		BB907C8C23C72059000E5B0F /* Debug */ = {
			isa = XCBuildConfiguration;
			buildSettings = {
				ALWAYS_EMBED_SWIFT_STANDARD_LIBRARIES = YES;
				CODE_SIGN_STYLE = Automatic;
				INFOPLIST_FILE = imagearUITests/Info.plist;
				LD_RUNPATH_SEARCH_PATHS = (
					"$(inherited)",
					"@executable_path/Frameworks",
					"@loader_path/Frameworks",
				);
				PRODUCT_BUNDLE_IDENTIFIER = com.maelabs.imagear.imagearUITests;
				PRODUCT_NAME = "$(TARGET_NAME)";
				SWIFT_VERSION = 5.0;
				TARGETED_DEVICE_FAMILY = "1,2";
				TEST_TARGET_NAME = imagear;
			};
			name = Debug;
		};
		BB907C8D23C72059000E5B0F /* Release */ = {
			isa = XCBuildConfiguration;
			buildSettings = {
				ALWAYS_EMBED_SWIFT_STANDARD_LIBRARIES = YES;
				CODE_SIGN_STYLE = Automatic;
				INFOPLIST_FILE = imagearUITests/Info.plist;
				LD_RUNPATH_SEARCH_PATHS = (
					"$(inherited)",
					"@executable_path/Frameworks",
					"@loader_path/Frameworks",
				);
				PRODUCT_BUNDLE_IDENTIFIER = com.maelabs.imagear.imagearUITests;
				PRODUCT_NAME = "$(TARGET_NAME)";
				SWIFT_VERSION = 5.0;
				TARGETED_DEVICE_FAMILY = "1,2";
				TEST_TARGET_NAME = imagear;
			};
			name = Release;
		};
/* End XCBuildConfiguration section */

/* Begin XCConfigurationList section */
		BB907C5623C72058000E5B0F /* Build configuration list for PBXProject "Imagear" */ = {
			isa = XCConfigurationList;
			buildConfigurations = (
				BB907C8323C72059000E5B0F /* Debug */,
				BB907C8423C72059000E5B0F /* Release */,
			);
			defaultConfigurationIsVisible = 0;
			defaultConfigurationName = Release;
		};
		BB907C8523C72059000E5B0F /* Build configuration list for PBXNativeTarget "Imagear" */ = {
			isa = XCConfigurationList;
			buildConfigurations = (
				BB907C8623C72059000E5B0F /* Debug */,
				BB907C8723C72059000E5B0F /* Release */,
			);
			defaultConfigurationIsVisible = 0;
			defaultConfigurationName = Release;
		};
		BB907C8823C72059000E5B0F /* Build configuration list for PBXNativeTarget "ImagearTests" */ = {
			isa = XCConfigurationList;
			buildConfigurations = (
				BB907C8923C72059000E5B0F /* Debug */,
				BB907C8A23C72059000E5B0F /* Release */,
			);
			defaultConfigurationIsVisible = 0;
			defaultConfigurationName = Release;
		};
		BB907C8B23C72059000E5B0F /* Build configuration list for PBXNativeTarget "ImagearUITests" */ = {
			isa = XCConfigurationList;
			buildConfigurations = (
				BB907C8C23C72059000E5B0F /* Debug */,
				BB907C8D23C72059000E5B0F /* Release */,
			);
			defaultConfigurationIsVisible = 0;
			defaultConfigurationName = Release;
		};
/* End XCConfigurationList section */
	};
	rootObject = BB907C5323C72058000E5B0F /* Project object */;
}
